
Microsoft Visual Studio Solution File, Format Version 12.00
# Visual Studio Version 17
VisualStudioVersion = 17.9.34701.34
MinimumVisualStudioVersion = 10.0.40219.1
Project("{F184B08F-C81C-45F6-A57F-5ABD9991F28F}") = "HandsOn1-17", "HandsOn1-17.vbproj", "{F00B3101-F376-4F49-B364-62D4DE5BE645}"
EndProject
Global
	GlobalSection(SolutionConfigurationPlatforms) = preSolution
		Debug|Any CPU = Debug|Any CPU
		Release|Any CPU = Release|Any CPU
	EndGlobalSection
	GlobalSection(ProjectConfigurationPlatforms) = postSolution
		{F00B3101-F376-4F49-B364-62D4DE5BE645}.Debug|Any CPU.ActiveCfg = Debug|Any CPU
		{F00B3101-F376-4F49-B364-62D4DE5BE645}.Debug|Any CPU.Build.0 = Debug|Any CPU
		{F00B3101-F376-4F49-B364-62D4DE5BE645}.Release|Any CPU.ActiveCfg = Release|Any CPU
		{F00B3101-F376-4F49-B364-62D4DE5BE645}.Release|Any CPU.Build.0 = Release|Any CPU
	EndGlobalSection
	GlobalSection(SolutionProperties) = preSolution
		HideSolutionNode = FALSE
	EndGlobalSection
	GlobalSection(ExtensibilityGlobals) = postSolution
		SolutionGuid = {F799AFE3-3AAE-469F-9CD7-69A42EAFE97D}
	EndGlobalSection
EndGlobal
